
Microsoft Visual Studio Solution File, Format Version 12.00
# Visual Studio Version 17
VisualStudioVersion = 17.5.002.0
MinimumVisualStudioVersion = 10.0.40219.1
Project("{9A19103F-16F7-4668-BE54-9A1E7A4F7556}") = "Lista", "Lista.csproj", "{FF46BF91-C5CD-4C70-8F47-7CB8AEC57DEF}"
EndProject
Global
	GlobalSection(SolutionConfigurationPlatforms) = preSolution
		Debug|Any CPU = Debug|Any CPU
		Release|Any CPU = Release|Any CPU
	EndGlobalSection
	GlobalSection(ProjectConfigurationPlatforms) = postSolution
		{FF46BF91-C5CD-4C70-8F47-7CB8AEC57DEF}.Debug|Any CPU.ActiveCfg = Debug|Any CPU
		{FF46BF91-C5CD-4C70-8F47-7CB8AEC57DEF}.Debug|Any CPU.Build.0 = Debug|Any CPU
		{FF46BF91-C5CD-4C70-8F47-7CB8AEC57DEF}.Release|Any CPU.ActiveCfg = Release|Any CPU
		{FF46BF91-C5CD-4C70-8F47-7CB8AEC57DEF}.Release|Any CPU.Build.0 = Release|Any CPU
	EndGlobalSection
	GlobalSection(SolutionProperties) = preSolution
		HideSolutionNode = FALSE
	EndGlobalSection
	GlobalSection(ExtensibilityGlobals) = postSolution
		SolutionGuid = {1C916032-088B-4399-9361-F19554F38147}
	EndGlobalSection
EndGlobal
